
Microsoft Visual Studio Solution File, Format Version 12.00
# Visual Studio 15
VisualStudioVersion = 15.0.28010.2016
MinimumVisualStudioVersion = 10.0.40219.1
Project("{FAE04EC0-301F-11D3-BF4B-00C04F79EFBC}") = "Memory", "Memory\Memory.csproj", "{A0EA916F-AF4B-407A-938C-8F0368565589}"
EndProject
Global
	GlobalSection(SolutionConfigurationPlatforms) = preSolution
		Debug|Any CPU = Debug|Any CPU
		Release|Any CPU = Release|Any CPU
	EndGlobalSection
	GlobalSection(ProjectConfigurationPlatforms) = postSolution
		{A0EA916F-AF4B-407A-938C-8F0368565589}.Debug|Any CPU.ActiveCfg = Debug|Any CPU
		{A0EA916F-AF4B-407A-938C-8F0368565589}.Debug|Any CPU.Build.0 = Debug|Any CPU
		{A0EA916F-AF4B-407A-938C-8F0368565589}.Release|Any CPU.ActiveCfg = Release|Any CPU
		{A0EA916F-AF4B-407A-938C-8F0368565589}.Release|Any CPU.Build.0 = Release|Any CPU
	EndGlobalSection
	GlobalSection(SolutionProperties) = preSolution
		HideSolutionNode = FALSE
	EndGlobalSection
	GlobalSection(ExtensibilityGlobals) = postSolution
		SolutionGuid = {F6CEFFB4-836C-46F7-9C27-AD1A6C994B43}
	EndGlobalSection
EndGlobal
